
Microsoft Visual Studio Solution File, Format Version 12.00
# Visual Studio 2012
Project("{FAE04EC0-301F-11D3-BF4B-00C04F79EFBC}") = "DocIntel.WebApp", "DocIntel.WebApp\DocIntel.WebApp.csproj", "{A8364F66-A787-4F66-8289-36F583C35FF5}"
EndProject
Project("{FAE04EC0-301F-11D3-BF4B-00C04F79EFBC}") = "DocIntel.Core", "DocIntel.Core\DocIntel.Core.csproj", "{86133858-F46F-4FAB-9C45-334FB421A043}"
EndProject
Project("{FAE04EC0-301F-11D3-BF4B-00C04F79EFBC}") = "DocIntel.Services.DocumentIndexer", "DocIntel.Services.DocumentIndexer\DocIntel.Services.DocumentIndexer.csproj", "{3F7F4A28-DBAF-4FF2-B4B7-01C6A57D869E}"
EndProject
Project("{FAE04EC0-301F-11D3-BF4B-00C04F79EFBC}") = "DocIntel.Services.Thumbnailer", "DocIntel.Services.Thumbnailer\DocIntel.Services.Thumbnailer.csproj", "{74A941A2-E265-48C0-9EA7-CEF189009E69}"
EndProject
Project("{FAE04EC0-301F-11D3-BF4B-00C04F79EFBC}") = "DocIntel.Services.TagIndexer", "DocIntel.Services.TagIndexer\DocIntel.Services.TagIndexer.csproj", "{327E4804-12E3-46B4-953E-0B663A2BBEBA}"
EndProject
Project("{FAE04EC0-301F-11D3-BF4B-00C04F79EFBC}") = "DocIntel.AdminConsole", "DocIntel.AdminConsole\DocIntel.AdminConsole.csproj", "{360B0BE1-E6F5-4293-BA02-D24872D0A2C6}"
EndProject
Project("{FAE04EC0-301F-11D3-BF4B-00C04F79EFBC}") = "DocIntel.Services.SourceIndexer", "DocIntel.Services.SourceIndexer\DocIntel.Services.SourceIndexer.csproj", "{A8DD6F76-F497-4D98-9092-A9D3337A7E53}"
EndProject
Project("{FAE04EC0-301F-11D3-BF4B-00C04F79EFBC}") = "DocIntel.Services.Importer", "DocIntel.Services.Importer\DocIntel.Services.Importer.csproj", "{3580208E-3D20-4C28-9CFE-570A66C7D873}"
EndProject
Project("{FAE04EC0-301F-11D3-BF4B-00C04F79EFBC}") = "DocIntel.Services.DocumentAnalyzer", "DocIntel.Services.DocumentAnalyzer\DocIntel.Services.DocumentAnalyzer.csproj", "{825071A9-DCEB-4C34-BD23-7A892ADC0B40}"
EndProject
Project("{FAE04EC0-301F-11D3-BF4B-00C04F79EFBC}") = "DocIntel.Services.Newsletters", "DocIntel.Services.Newsletters\DocIntel.Services.Newsletters.csproj", "{E4229F88-F226-47A0-B60A-EA694ABE52F3}"
EndProject
Project("{FAE04EC0-301F-11D3-BF4B-00C04F79EFBC}") = "DocIntel.Services.Scraper", "DocIntel.Services.Scraper\DocIntel.Services.Scraper.csproj", "{78101BA8-6F84-4619-81E7-D3AB8D8F364B}"
EndProject
Project("{FAE04EC0-301F-11D3-BF4B-00C04F79EFBC}") = "DocIntel.Integrations", "DocIntel.Integrations\DocIntel.Integrations.csproj", "{13DBE874-895C-433C-AE38-2E7A318B8EAD}"
EndProject
Project("{FAE04EC0-301F-11D3-BF4B-00C04F79EFBC}") = "DocIntel.Console", "DocIntel.Console\DocIntel.Console.csproj", "{ABB477EA-48E7-4045-B185-91D4E5598F66}"
EndProject
Project("{FAE04EC0-301F-11D3-BF4B-00C04F79EFBC}") = "DocIntel.Services.ContinuousIndexing", "DocIntel.Services.ContinuousIndexing\DocIntel.Services.ContinuousIndexing.csproj", "{D1A9311E-7928-42B4-B50A-A8557ABCCF05}"
EndProject
Project("{FAE04EC0-301F-11D3-BF4B-00C04F79EFBC}") = "DocIntel.Tests", "DocIntel.Tests\DocIntel.Tests.csproj", "{4CF6F7C0-EBF8-4387-ADEA-BD2D8C473DC0}"
EndProject
Project("{FAE04EC0-301F-11D3-BF4B-00C04F79EFBC}") = "Synsharp", "synsharp\Synsharp\Synsharp.csproj", "{3C70BD50-AEB2-4DE8-A859-7E9A61A2BE82}"
EndProject
Global
	GlobalSection(SolutionConfigurationPlatforms) = preSolution
		Debug|Any CPU = Debug|Any CPU
		Release|Any CPU = Release|Any CPU
	EndGlobalSection
	GlobalSection(ProjectConfigurationPlatforms) = postSolution
		{A8364F66-A787-4F66-8289-36F583C35FF5}.Debug|Any CPU.ActiveCfg = Debug|Any CPU
		{A8364F66-A787-4F66-8289-36F583C35FF5}.Debug|Any CPU.Build.0 = Debug|Any CPU
		{A8364F66-A787-4F66-8289-36F583C35FF5}.Release|Any CPU.ActiveCfg = Release|Any CPU
		{A8364F66-A787-4F66-8289-36F583C35FF5}.Release|Any CPU.Build.0 = Release|Any CPU
		{86133858-F46F-4FAB-9C45-334FB421A043}.Debug|Any CPU.ActiveCfg = Debug|Any CPU
		{86133858-F46F-4FAB-9C45-334FB421A043}.Debug|Any CPU.Build.0 = Debug|Any CPU
		{86133858-F46F-4FAB-9C45-334FB421A043}.Release|Any CPU.ActiveCfg = Release|Any CPU
		{86133858-F46F-4FAB-9C45-334FB421A043}.Release|Any CPU.Build.0 = Release|Any CPU
		{29C022DE-7D7B-47A9-AF6A-DA4009F9AED8}.Debug|Any CPU.ActiveCfg = Debug|Any CPU
		{29C022DE-7D7B-47A9-AF6A-DA4009F9AED8}.Debug|Any CPU.Build.0 = Debug|Any CPU
		{29C022DE-7D7B-47A9-AF6A-DA4009F9AED8}.Release|Any CPU.ActiveCfg = Release|Any CPU
		{29C022DE-7D7B-47A9-AF6A-DA4009F9AED8}.Release|Any CPU.Build.0 = Release|Any CPU
		{4893639E-5F9B-4748-B2C1-AB9C0FB6C8C7}.Debug|Any CPU.ActiveCfg = Debug|Any CPU
		{4893639E-5F9B-4748-B2C1-AB9C0FB6C8C7}.Debug|Any CPU.Build.0 = Debug|Any CPU
		{4893639E-5F9B-4748-B2C1-AB9C0FB6C8C7}.Release|Any CPU.ActiveCfg = Release|Any CPU
		{4893639E-5F9B-4748-B2C1-AB9C0FB6C8C7}.Release|Any CPU.Build.0 = Release|Any CPU
		{22566B94-F910-4453-95F8-D05CF66DD942}.Debug|Any CPU.ActiveCfg = Debug|Any CPU
		{22566B94-F910-4453-95F8-D05CF66DD942}.Debug|Any CPU.Build.0 = Debug|Any CPU
		{22566B94-F910-4453-95F8-D05CF66DD942}.Release|Any CPU.ActiveCfg = Release|Any CPU
		{22566B94-F910-4453-95F8-D05CF66DD942}.Release|Any CPU.Build.0 = Release|Any CPU
		{3F7F4A28-DBAF-4FF2-B4B7-01C6A57D869E}.Debug|Any CPU.ActiveCfg = Debug|Any CPU
		{3F7F4A28-DBAF-4FF2-B4B7-01C6A57D869E}.Debug|Any CPU.Build.0 = Debug|Any CPU
		{3F7F4A28-DBAF-4FF2-B4B7-01C6A57D869E}.Release|Any CPU.ActiveCfg = Release|Any CPU
		{3F7F4A28-DBAF-4FF2-B4B7-01C6A57D869E}.Release|Any CPU.Build.0 = Release|Any CPU
		{74A941A2-E265-48C0-9EA7-CEF189009E69}.Debug|Any CPU.ActiveCfg = Debug|Any CPU
		{74A941A2-E265-48C0-9EA7-CEF189009E69}.Debug|Any CPU.Build.0 = Debug|Any CPU
		{74A941A2-E265-48C0-9EA7-CEF189009E69}.Release|Any CPU.ActiveCfg = Release|Any CPU
		{74A941A2-E265-48C0-9EA7-CEF189009E69}.Release|Any CPU.Build.0 = Release|Any CPU
		{327E4804-12E3-46B4-953E-0B663A2BBEBA}.Debug|Any CPU.ActiveCfg = Debug|Any CPU
		{327E4804-12E3-46B4-953E-0B663A2BBEBA}.Debug|Any CPU.Build.0 = Debug|Any CPU
		{327E4804-12E3-46B4-953E-0B663A2BBEBA}.Release|Any CPU.ActiveCfg = Release|Any CPU
		{327E4804-12E3-46B4-953E-0B663A2BBEBA}.Release|Any CPU.Build.0 = Release|Any CPU
		{A3CA6D8B-4C56-478C-BE22-EE8F475523C5}.Debug|Any CPU.ActiveCfg = Debug|Any CPU
		{A3CA6D8B-4C56-478C-BE22-EE8F475523C5}.Debug|Any CPU.Build.0 = Debug|Any CPU
		{A3CA6D8B-4C56-478C-BE22-EE8F475523C5}.Release|Any CPU.ActiveCfg = Release|Any CPU
		{A3CA6D8B-4C56-478C-BE22-EE8F475523C5}.Release|Any CPU.Build.0 = Release|Any CPU
		{360B0BE1-E6F5-4293-BA02-D24872D0A2C6}.Debug|Any CPU.ActiveCfg = Debug|Any CPU
		{360B0BE1-E6F5-4293-BA02-D24872D0A2C6}.Debug|Any CPU.Build.0 = Debug|Any CPU
		{360B0BE1-E6F5-4293-BA02-D24872D0A2C6}.Release|Any CPU.ActiveCfg = Release|Any CPU
		{360B0BE1-E6F5-4293-BA02-D24872D0A2C6}.Release|Any CPU.Build.0 = Release|Any CPU
		{A8DD6F76-F497-4D98-9092-A9D3337A7E53}.Debug|Any CPU.ActiveCfg = Debug|Any CPU
		{A8DD6F76-F497-4D98-9092-A9D3337A7E53}.Debug|Any CPU.Build.0 = Debug|Any CPU
		{A8DD6F76-F497-4D98-9092-A9D3337A7E53}.Release|Any CPU.ActiveCfg = Release|Any CPU
		{A8DD6F76-F497-4D98-9092-A9D3337A7E53}.Release|Any CPU.Build.0 = Release|Any CPU
		{3580208E-3D20-4C28-9CFE-570A66C7D873}.Debug|Any CPU.ActiveCfg = Debug|Any CPU
		{3580208E-3D20-4C28-9CFE-570A66C7D873}.Debug|Any CPU.Build.0 = Debug|Any CPU
		{3580208E-3D20-4C28-9CFE-570A66C7D873}.Release|Any CPU.ActiveCfg = Release|Any CPU
		{3580208E-3D20-4C28-9CFE-570A66C7D873}.Release|Any CPU.Build.0 = Release|Any CPU
		{825071A9-DCEB-4C34-BD23-7A892ADC0B40}.Debug|Any CPU.ActiveCfg = Debug|Any CPU
		{825071A9-DCEB-4C34-BD23-7A892ADC0B40}.Debug|Any CPU.Build.0 = Debug|Any CPU
		{825071A9-DCEB-4C34-BD23-7A892ADC0B40}.Release|Any CPU.ActiveCfg = Release|Any CPU
		{825071A9-DCEB-4C34-BD23-7A892ADC0B40}.Release|Any CPU.Build.0 = Release|Any CPU
		{E4229F88-F226-47A0-B60A-EA694ABE52F3}.Debug|Any CPU.ActiveCfg = Debug|Any CPU
		{E4229F88-F226-47A0-B60A-EA694ABE52F3}.Debug|Any CPU.Build.0 = Debug|Any CPU
		{E4229F88-F226-47A0-B60A-EA694ABE52F3}.Release|Any CPU.ActiveCfg = Release|Any CPU
		{E4229F88-F226-47A0-B60A-EA694ABE52F3}.Release|Any CPU.Build.0 = Release|Any CPU
		{780F43FD-5A85-4BE9-A016-694CEB68D8FF}.Debug|Any CPU.ActiveCfg = Debug|Any CPU
		{780F43FD-5A85-4BE9-A016-694CEB68D8FF}.Debug|Any CPU.Build.0 = Debug|Any CPU
		{780F43FD-5A85-4BE9-A016-694CEB68D8FF}.Release|Any CPU.ActiveCfg = Release|Any CPU
		{780F43FD-5A85-4BE9-A016-694CEB68D8FF}.Release|Any CPU.Build.0 = Release|Any CPU
		{78101BA8-6F84-4619-81E7-D3AB8D8F364B}.Debug|Any CPU.ActiveCfg = Debug|Any CPU
		{78101BA8-6F84-4619-81E7-D3AB8D8F364B}.Debug|Any CPU.Build.0 = Debug|Any CPU
		{78101BA8-6F84-4619-81E7-D3AB8D8F364B}.Release|Any CPU.ActiveCfg = Release|Any CPU
		{78101BA8-6F84-4619-81E7-D3AB8D8F364B}.Release|Any CPU.Build.0 = Release|Any CPU
		{13DBE874-895C-433C-AE38-2E7A318B8EAD}.Debug|Any CPU.ActiveCfg = Debug|Any CPU
		{13DBE874-895C-433C-AE38-2E7A318B8EAD}.Debug|Any CPU.Build.0 = Debug|Any CPU
		{13DBE874-895C-433C-AE38-2E7A318B8EAD}.Release|Any CPU.ActiveCfg = Release|Any CPU
		{13DBE874-895C-433C-AE38-2E7A318B8EAD}.Release|Any CPU.Build.0 = Release|Any CPU
		{ABB477EA-48E7-4045-B185-91D4E5598F66}.Debug|Any CPU.ActiveCfg = Debug|Any CPU
		{ABB477EA-48E7-4045-B185-91D4E5598F66}.Debug|Any CPU.Build.0 = Debug|Any CPU
		{ABB477EA-48E7-4045-B185-91D4E5598F66}.Release|Any CPU.ActiveCfg = Release|Any CPU
		{ABB477EA-48E7-4045-B185-91D4E5598F66}.Release|Any CPU.Build.0 = Release|Any CPU
		{D1A9311E-7928-42B4-B50A-A8557ABCCF05}.Debug|Any CPU.ActiveCfg = Debug|Any CPU
		{D1A9311E-7928-42B4-B50A-A8557ABCCF05}.Debug|Any CPU.Build.0 = Debug|Any CPU
		{D1A9311E-7928-42B4-B50A-A8557ABCCF05}.Release|Any CPU.ActiveCfg = Release|Any CPU
		{D1A9311E-7928-42B4-B50A-A8557ABCCF05}.Release|Any CPU.Build.0 = Release|Any CPU
		{4CF6F7C0-EBF8-4387-ADEA-BD2D8C473DC0}.Debug|Any CPU.ActiveCfg = Debug|Any CPU
		{4CF6F7C0-EBF8-4387-ADEA-BD2D8C473DC0}.Debug|Any CPU.Build.0 = Debug|Any CPU
		{4CF6F7C0-EBF8-4387-ADEA-BD2D8C473DC0}.Release|Any CPU.ActiveCfg = Release|Any CPU
		{4CF6F7C0-EBF8-4387-ADEA-BD2D8C473DC0}.Release|Any CPU.Build.0 = Release|Any CPU
		{3C70BD50-AEB2-4DE8-A859-7E9A61A2BE82}.Debug|Any CPU.ActiveCfg = Debug|Any CPU
		{3C70BD50-AEB2-4DE8-A859-7E9A61A2BE82}.Debug|Any CPU.Build.0 = Debug|Any CPU
		{3C70BD50-AEB2-4DE8-A859-7E9A61A2BE82}.Release|Any CPU.ActiveCfg = Release|Any CPU
		{3C70BD50-AEB2-4DE8-A859-7E9A61A2BE82}.Release|Any CPU.Build.0 = Release|Any CPU
	EndGlobalSection
EndGlobal
